// !$*UTF8*$!
{
	archiveVersion = 1;
	classes = {
	};
	objectVersion = 56;
	objects = {

/* Begin PBXBuildFile section */
		804CB4FD2962E58700343D6A /* AppDelegate.swift in Sources */ = {isa = PBXBuildFile; fileRef = 804CB4FC2962E58700343D6A /* AppDelegate.swift */; };
		804CB4FF2962E58700343D6A /* SceneDelegate.swift in Sources */ = {isa = PBXBuildFile; fileRef = 804CB4FE2962E58700343D6A /* SceneDelegate.swift */; };
		804CB5012962E58700343D6A /* RMTabBarViewController.swift in Sources */ = {isa = PBXBuildFile; fileRef = 804CB5002962E58700343D6A /* RMTabBarViewController.swift */; };
		804CB5062962E58800343D6A /* Assets.xcassets in Resources */ = {isa = PBXBuildFile; fileRef = 804CB5052962E58800343D6A /* Assets.xcassets */; };
		804CB5092962E58800343D6A /* LaunchScreen.storyboard in Resources */ = {isa = PBXBuildFile; fileRef = 804CB5072962E58800343D6A /* LaunchScreen.storyboard */; };
		804CB5172962E7EB00343D6A /* RMLocation.swift in Sources */ = {isa = PBXBuildFile; fileRef = 804CB5162962E7EB00343D6A /* RMLocation.swift */; };
		804CB5192962E7FC00343D6A /* RMCharacter.swift in Sources */ = {isa = PBXBuildFile; fileRef = 804CB5182962E7FC00343D6A /* RMCharacter.swift */; };
		804CB51C2962E86400343D6A /* RMEpisode.swift in Sources */ = {isa = PBXBuildFile; fileRef = 804CB51B2962E86400343D6A /* RMEpisode.swift */; };
		804CB5202962E8D700343D6A /* RMCharacterViewController.swift in Sources */ = {isa = PBXBuildFile; fileRef = 804CB51F2962E8D700343D6A /* RMCharacterViewController.swift */; };
		804CB5222962E8F500343D6A /* RMEpisodeViewController.swift in Sources */ = {isa = PBXBuildFile; fileRef = 804CB5212962E8F500343D6A /* RMEpisodeViewController.swift */; };
		804CB5242962E90000343D6A /* RMLocationViewController.swift in Sources */ = {isa = PBXBuildFile; fileRef = 804CB5232962E90000343D6A /* RMLocationViewController.swift */; };
		804CB5262962E91500343D6A /* RMSettingsViewController.swift in Sources */ = {isa = PBXBuildFile; fileRef = 804CB5252962E91500343D6A /* RMSettingsViewController.swift */; };
		804CB52829645F2C00343D6A /* RMService.swift in Sources */ = {isa = PBXBuildFile; fileRef = 804CB52729645F2C00343D6A /* RMService.swift */; };
		804CB52A29645F4100343D6A /* RMRequest.swift in Sources */ = {isa = PBXBuildFile; fileRef = 804CB52929645F4100343D6A /* RMRequest.swift */; };
		804CB52C2964601200343D6A /* RMEndpoint.swift in Sources */ = {isa = PBXBuildFile; fileRef = 804CB52B2964601200343D6A /* RMEndpoint.swift */; };
		804CB52E296466E300343D6A /* RMOrigin.swift in Sources */ = {isa = PBXBuildFile; fileRef = 804CB52D296466E300343D6A /* RMOrigin.swift */; };
		804CB5302964678D00343D6A /* RMSingleLocation.swift in Sources */ = {isa = PBXBuildFile; fileRef = 804CB52F2964678D00343D6A /* RMSingleLocation.swift */; };
		804CB5322964687A00343D6A /* RMCharacterStatus.swift in Sources */ = {isa = PBXBuildFile; fileRef = 804CB5312964687A00343D6A /* RMCharacterStatus.swift */; };
		804CB534296468A700343D6A /* RMCharacterGender.swift in Sources */ = {isa = PBXBuildFile; fileRef = 804CB533296468A700343D6A /* RMCharacterGender.swift */; };
/* End PBXBuildFile section */

/* Begin PBXFileReference section */
		804CB4F92962E58700343D6A /* RickAndMorty.app */ = {isa = PBXFileReference; explicitFileType = wrapper.application; includeInIndex = 0; path = RickAndMorty.app; sourceTree = BUILT_PRODUCTS_DIR; };
		804CB4FC2962E58700343D6A /* AppDelegate.swift */ = {isa = PBXFileReference; lastKnownFileType = sourcecode.swift; path = AppDelegate.swift; sourceTree = "<group>"; };
		804CB4FE2962E58700343D6A /* SceneDelegate.swift */ = {isa = PBXFileReference; lastKnownFileType = sourcecode.swift; path = SceneDelegate.swift; sourceTree = "<group>"; };
		804CB5002962E58700343D6A /* RMTabBarViewController.swift */ = {isa = PBXFileReference; lastKnownFileType = sourcecode.swift; path = RMTabBarViewController.swift; sourceTree = "<group>"; };
		804CB5052962E58800343D6A /* Assets.xcassets */ = {isa = PBXFileReference; lastKnownFileType = folder.assetcatalog; path = Assets.xcassets; sourceTree = "<group>"; };
		804CB5082962E58800343D6A /* Base */ = {isa = PBXFileReference; lastKnownFileType = file.storyboard; name = Base; path = Base.lproj/LaunchScreen.storyboard; sourceTree = "<group>"; };
		804CB50A2962E58800343D6A /* Info.plist */ = {isa = PBXFileReference; lastKnownFileType = text.plist.xml; path = Info.plist; sourceTree = "<group>"; };
		804CB5162962E7EB00343D6A /* RMLocation.swift */ = {isa = PBXFileReference; lastKnownFileType = sourcecode.swift; path = RMLocation.swift; sourceTree = "<group>"; };
		804CB5182962E7FC00343D6A /* RMCharacter.swift */ = {isa = PBXFileReference; lastKnownFileType = sourcecode.swift; path = RMCharacter.swift; sourceTree = "<group>"; };
		804CB51B2962E86400343D6A /* RMEpisode.swift */ = {isa = PBXFileReference; lastKnownFileType = sourcecode.swift; path = RMEpisode.swift; sourceTree = "<group>"; };
		804CB51F2962E8D700343D6A /* RMCharacterViewController.swift */ = {isa = PBXFileReference; lastKnownFileType = sourcecode.swift; path = RMCharacterViewController.swift; sourceTree = "<group>"; };
		804CB5212962E8F500343D6A /* RMEpisodeViewController.swift */ = {isa = PBXFileReference; lastKnownFileType = sourcecode.swift; path = RMEpisodeViewController.swift; sourceTree = "<group>"; };
		804CB5232962E90000343D6A /* RMLocationViewController.swift */ = {isa = PBXFileReference; lastKnownFileType = sourcecode.swift; path = RMLocationViewController.swift; sourceTree = "<group>"; };
		804CB5252962E91500343D6A /* RMSettingsViewController.swift */ = {isa = PBXFileReference; lastKnownFileType = sourcecode.swift; path = RMSettingsViewController.swift; sourceTree = "<group>"; };
		804CB52729645F2C00343D6A /* RMService.swift */ = {isa = PBXFileReference; lastKnownFileType = sourcecode.swift; path = RMService.swift; sourceTree = "<group>"; };
		804CB52929645F4100343D6A /* RMRequest.swift */ = {isa = PBXFileReference; lastKnownFileType = sourcecode.swift; path = RMRequest.swift; sourceTree = "<group>"; };
		804CB52B2964601200343D6A /* RMEndpoint.swift */ = {isa = PBXFileReference; lastKnownFileType = sourcecode.swift; path = RMEndpoint.swift; sourceTree = "<group>"; };
		804CB52D296466E300343D6A /* RMOrigin.swift */ = {isa = PBXFileReference; lastKnownFileType = sourcecode.swift; path = RMOrigin.swift; sourceTree = "<group>"; };
		804CB52F2964678D00343D6A /* RMSingleLocation.swift */ = {isa = PBXFileReference; lastKnownFileType = sourcecode.swift; path = RMSingleLocation.swift; sourceTree = "<group>"; };
		804CB5312964687A00343D6A /* RMCharacterStatus.swift */ = {isa = PBXFileReference; lastKnownFileType = sourcecode.swift; path = RMCharacterStatus.swift; sourceTree = "<group>"; };
		804CB533296468A700343D6A /* RMCharacterGender.swift */ = {isa = PBXFileReference; lastKnownFileType = sourcecode.swift; path = RMCharacterGender.swift; sourceTree = "<group>"; };
/* End PBXFileReference section */

/* Begin PBXFrameworksBuildPhase section */
		804CB4F62962E58700343D6A /* Frameworks */ = {
			isa = PBXFrameworksBuildPhase;
			buildActionMask = 2147483647;
			files = (
			);
			runOnlyForDeploymentPostprocessing = 0;
		};
/* End PBXFrameworksBuildPhase section */

/* Begin PBXGroup section */
		804CB4F02962E58700343D6A = {
			isa = PBXGroup;
			children = (
				804CB4FB2962E58700343D6A /* RickAndMorty */,
				804CB4FA2962E58700343D6A /* Products */,
			);
			sourceTree = "<group>";
		};
		804CB4FA2962E58700343D6A /* Products */ = {
			isa = PBXGroup;
			children = (
				804CB4F92962E58700343D6A /* RickAndMorty.app */,
			);
			name = Products;
			sourceTree = "<group>";
		};
		804CB4FB2962E58700343D6A /* RickAndMorty */ = {
			isa = PBXGroup;
			children = (
				804CB51D2962E89200343D6A /* Controllers */,
				804CB5152962E77500343D6A /* Resources */,
				804CB5142962E76F00343D6A /* APIClient */,
				804CB5132962E76900343D6A /* Managers */,
				804CB5122962E75A00343D6A /* ViewModels */,
				804CB5112962E75400343D6A /* Views */,
				804CB5102962E74D00343D6A /* Models */,
				804CB50A2962E58800343D6A /* Info.plist */,
			);
			path = RickAndMorty;
			sourceTree = "<group>";
		};
		804CB5102962E74D00343D6A /* Models */ = {
			isa = PBXGroup;
			children = (
				804CB5162962E7EB00343D6A /* RMLocation.swift */,
				804CB5182962E7FC00343D6A /* RMCharacter.swift */,
				804CB51B2962E86400343D6A /* RMEpisode.swift */,
				804CB52D296466E300343D6A /* RMOrigin.swift */,
				804CB52F2964678D00343D6A /* RMSingleLocation.swift */,
				804CB5312964687A00343D6A /* RMCharacterStatus.swift */,
				804CB533296468A700343D6A /* RMCharacterGender.swift */,
			);
			path = Models;
			sourceTree = "<group>";
		};
		804CB5112962E75400343D6A /* Views */ = {
			isa = PBXGroup;
			children = (
			);
			path = Views;
			sourceTree = "<group>";
		};
		804CB5122962E75A00343D6A /* ViewModels */ = {
			isa = PBXGroup;
			children = (
			);
			path = ViewModels;
			sourceTree = "<group>";
		};
		804CB5132962E76900343D6A /* Managers */ = {
			isa = PBXGroup;
			children = (
			);
			path = Managers;
			sourceTree = "<group>";
		};
		804CB5142962E76F00343D6A /* APIClient */ = {
			isa = PBXGroup;
			children = (
				804CB52729645F2C00343D6A /* RMService.swift */,
				804CB52929645F4100343D6A /* RMRequest.swift */,
				804CB52B2964601200343D6A /* RMEndpoint.swift */,
			);
			path = APIClient;
			sourceTree = "<group>";
		};
		804CB5152962E77500343D6A /* Resources */ = {
			isa = PBXGroup;
			children = (
				804CB4FC2962E58700343D6A /* AppDelegate.swift */,
				804CB4FE2962E58700343D6A /* SceneDelegate.swift */,
				804CB5052962E58800343D6A /* Assets.xcassets */,
				804CB5072962E58800343D6A /* LaunchScreen.storyboard */,
			);
			path = Resources;
			sourceTree = "<group>";
		};
		804CB51D2962E89200343D6A /* Controllers */ = {
			isa = PBXGroup;
			children = (
				804CB51E2962E89E00343D6A /* Core */,
			);
			path = Controllers;
			sourceTree = "<group>";
		};
		804CB51E2962E89E00343D6A /* Core */ = {
			isa = PBXGroup;
			children = (
				804CB5002962E58700343D6A /* RMTabBarViewController.swift */,
				804CB51F2962E8D700343D6A /* RMCharacterViewController.swift */,
				804CB5212962E8F500343D6A /* RMEpisodeViewController.swift */,
				804CB5232962E90000343D6A /* RMLocationViewController.swift */,
				804CB5252962E91500343D6A /* RMSettingsViewController.swift */,
			);
			path = Core;
			sourceTree = "<group>";
		};
/* End PBXGroup section */

/* Begin PBXNativeTarget section */
		804CB4F82962E58700343D6A /* RickAndMorty */ = {
			isa = PBXNativeTarget;
			buildConfigurationList = 804CB50D2962E58800343D6A /* Build configuration list for PBXNativeTarget "RickAndMorty" */;
			buildPhases = (
				804CB4F52962E58700343D6A /* Sources */,
				804CB4F62962E58700343D6A /* Frameworks */,
				804CB4F72962E58700343D6A /* Resources */,
			);
			buildRules = (
			);
			dependencies = (
			);
			name = RickAndMorty;
			productName = RickAndMorty;
			productReference = 804CB4F92962E58700343D6A /* RickAndMorty.app */;
			productType = "com.apple.product-type.application";
		};
/* End PBXNativeTarget section */

/* Begin PBXProject section */
		804CB4F12962E58700343D6A /* Project object */ = {
			isa = PBXProject;
			attributes = {
				BuildIndependentTargetsInParallel = 1;
				LastSwiftUpdateCheck = 1420;
				LastUpgradeCheck = 1420;
				TargetAttributes = {
					804CB4F82962E58700343D6A = {
						CreatedOnToolsVersion = 14.2;
					};
				};
			};
			buildConfigurationList = 804CB4F42962E58700343D6A /* Build configuration list for PBXProject "RickAndMorty" */;
			compatibilityVersion = "Xcode 14.0";
			developmentRegion = en;
			hasScannedForEncodings = 0;
			knownRegions = (
				en,
				Base,
			);
			mainGroup = 804CB4F02962E58700343D6A;
			productRefGroup = 804CB4FA2962E58700343D6A /* Products */;
			projectDirPath = "";
			projectRoot = "";
			targets = (
				804CB4F82962E58700343D6A /* RickAndMorty */,
			);
		};
/* End PBXProject section */

/* Begin PBXResourcesBuildPhase section */
		804CB4F72962E58700343D6A /* Resources */ = {
			isa = PBXResourcesBuildPhase;
			buildActionMask = 2147483647;
			files = (
				804CB5092962E58800343D6A /* LaunchScreen.storyboard in Resources */,
				804CB5062962E58800343D6A /* Assets.xcassets in Resources */,
			);
			runOnlyForDeploymentPostprocessing = 0;
		};
/* End PBXResourcesBuildPhase section */

/* Begin PBXSourcesBuildPhase section */
		804CB4F52962E58700343D6A /* Sources */ = {
			isa = PBXSourcesBuildPhase;
			buildActionMask = 2147483647;
			files = (
				804CB52E296466E300343D6A /* RMOrigin.swift in Sources */,
				804CB5302964678D00343D6A /* RMSingleLocation.swift in Sources */,
				804CB5322964687A00343D6A /* RMCharacterStatus.swift in Sources */,
				804CB534296468A700343D6A /* RMCharacterGender.swift in Sources */,
				804CB5242962E90000343D6A /* RMLocationViewController.swift in Sources */,
				804CB51C2962E86400343D6A /* RMEpisode.swift in Sources */,
				804CB5012962E58700343D6A /* RMTabBarViewController.swift in Sources */,
				804CB4FD2962E58700343D6A /* AppDelegate.swift in Sources */,
				804CB4FF2962E58700343D6A /* SceneDelegate.swift in Sources */,
				804CB5172962E7EB00343D6A /* RMLocation.swift in Sources */,
				804CB5262962E91500343D6A /* RMSettingsViewController.swift in Sources */,
				804CB52829645F2C00343D6A /* RMService.swift in Sources */,
				804CB5192962E7FC00343D6A /* RMCharacter.swift in Sources */,
				804CB52C2964601200343D6A /* RMEndpoint.swift in Sources */,
				804CB5202962E8D700343D6A /* RMCharacterViewController.swift in Sources */,
				804CB52A29645F4100343D6A /* RMRequest.swift in Sources */,
				804CB5222962E8F500343D6A /* RMEpisodeViewController.swift in Sources */,
			);
			runOnlyForDeploymentPostprocessing = 0;
		};
/* End PBXSourcesBuildPhase section */

/* Begin PBXVariantGroup section */
		804CB5072962E58800343D6A /* LaunchScreen.storyboard */ = {
			isa = PBXVariantGroup;
			children = (
				804CB5082962E58800343D6A /* Base */,
			);
			name = LaunchScreen.storyboard;
			sourceTree = "<group>";
		};
/* End PBXVariantGroup section */

/* Begin XCBuildConfiguration section */
		804CB50B2962E58800343D6A /* Debug */ = {
			isa = XCBuildConfiguration;
			buildSettings = {
				ALWAYS_SEARCH_USER_PATHS = NO;
				CLANG_ANALYZER_NONNULL = YES;
				CLANG_ANALYZER_NUMBER_OBJECT_CONVERSION = YES_AGGRESSIVE;
				CLANG_CXX_LANGUAGE_STANDARD = "gnu++20";
				CLANG_ENABLE_MODULES = YES;
				CLANG_ENABLE_OBJC_ARC = YES;
				CLANG_ENABLE_OBJC_WEAK = YES;
				CLANG_WARN_BLOCK_CAPTURE_AUTORELEASING = YES;
				CLANG_WARN_BOOL_CONVERSION = YES;
				CLANG_WARN_COMMA = YES;
				CLANG_WARN_CONSTANT_CONVERSION = YES;
				CLANG_WARN_DEPRECATED_OBJC_IMPLEMENTATIONS = YES;
				CLANG_WARN_DIRECT_OBJC_ISA_USAGE = YES_ERROR;
				CLANG_WARN_DOCUMENTATION_COMMENTS = YES;
				CLANG_WARN_EMPTY_BODY = YES;
				CLANG_WARN_ENUM_CONVERSION = YES;
				CLANG_WARN_INFINITE_RECURSION = YES;
				CLANG_WARN_INT_CONVERSION = YES;
				CLANG_WARN_NON_LITERAL_NULL_CONVERSION = YES;
				CLANG_WARN_OBJC_IMPLICIT_RETAIN_SELF = YES;
				CLANG_WARN_OBJC_LITERAL_CONVERSION = YES;
				CLANG_WARN_OBJC_ROOT_CLASS = YES_ERROR;
				CLANG_WARN_QUOTED_INCLUDE_IN_FRAMEWORK_HEADER = YES;
				CLANG_WARN_RANGE_LOOP_ANALYSIS = YES;
				CLANG_WARN_STRICT_PROTOTYPES = YES;
				CLANG_WARN_SUSPICIOUS_MOVE = YES;
				CLANG_WARN_UNGUARDED_AVAILABILITY = YES_AGGRESSIVE;
				CLANG_WARN_UNREACHABLE_CODE = YES;
				CLANG_WARN__DUPLICATE_METHOD_MATCH = YES;
				COPY_PHASE_STRIP = NO;
				DEBUG_INFORMATION_FORMAT = dwarf;
				ENABLE_STRICT_OBJC_MSGSEND = YES;
				ENABLE_TESTABILITY = YES;
				GCC_C_LANGUAGE_STANDARD = gnu11;
				GCC_DYNAMIC_NO_PIC = NO;
				GCC_NO_COMMON_BLOCKS = YES;
				GCC_OPTIMIZATION_LEVEL = 0;
				GCC_PREPROCESSOR_DEFINITIONS = (
					"DEBUG=1",
					"$(inherited)",
				);
				GCC_WARN_64_TO_32_BIT_CONVERSION = YES;
				GCC_WARN_ABOUT_RETURN_TYPE = YES_ERROR;
				GCC_WARN_UNDECLARED_SELECTOR = YES;
				GCC_WARN_UNINITIALIZED_AUTOS = YES_AGGRESSIVE;
				GCC_WARN_UNUSED_FUNCTION = YES;
				GCC_WARN_UNUSED_VARIABLE = YES;
				IPHONEOS_DEPLOYMENT_TARGET = 16.2;
				MTL_ENABLE_DEBUG_INFO = INCLUDE_SOURCE;
				MTL_FAST_MATH = YES;
				ONLY_ACTIVE_ARCH = YES;
				SDKROOT = iphoneos;
				SWIFT_ACTIVE_COMPILATION_CONDITIONS = DEBUG;
				SWIFT_OPTIMIZATION_LEVEL = "-Onone";
			};
			name = Debug;
		};
		804CB50C2962E58800343D6A /* Release */ = {
			isa = XCBuildConfiguration;
			buildSettings = {
				ALWAYS_SEARCH_USER_PATHS = NO;
				CLANG_ANALYZER_NONNULL = YES;
				CLANG_ANALYZER_NUMBER_OBJECT_CONVERSION = YES_AGGRESSIVE;
				CLANG_CXX_LANGUAGE_STANDARD = "gnu++20";
				CLANG_ENABLE_MODULES = YES;
				CLANG_ENABLE_OBJC_ARC = YES;
				CLANG_ENABLE_OBJC_WEAK = YES;
				CLANG_WARN_BLOCK_CAPTURE_AUTORELEASING = YES;
				CLANG_WARN_BOOL_CONVERSION = YES;
				CLANG_WARN_COMMA = YES;
				CLANG_WARN_CONSTANT_CONVERSION = YES;
				CLANG_WARN_DEPRECATED_OBJC_IMPLEMENTATIONS = YES;
				CLANG_WARN_DIRECT_OBJC_ISA_USAGE = YES_ERROR;
				CLANG_WARN_DOCUMENTATION_COMMENTS = YES;
				CLANG_WARN_EMPTY_BODY = YES;
				CLANG_WARN_ENUM_CONVERSION = YES;
				CLANG_WARN_INFINITE_RECURSION = YES;
				CLANG_WARN_INT_CONVERSION = YES;
				CLANG_WARN_NON_LITERAL_NULL_CONVERSION = YES;
				CLANG_WARN_OBJC_IMPLICIT_RETAIN_SELF = YES;
				CLANG_WARN_OBJC_LITERAL_CONVERSION = YES;
				CLANG_WARN_OBJC_ROOT_CLASS = YES_ERROR;
				CLANG_WARN_QUOTED_INCLUDE_IN_FRAMEWORK_HEADER = YES;
				CLANG_WARN_RANGE_LOOP_ANALYSIS = YES;
				CLANG_WARN_STRICT_PROTOTYPES = YES;
				CLANG_WARN_SUSPICIOUS_MOVE = YES;
				CLANG_WARN_UNGUARDED_AVAILABILITY = YES_AGGRESSIVE;
				CLANG_WARN_UNREACHABLE_CODE = YES;
				CLANG_WARN__DUPLICATE_METHOD_MATCH = YES;
				COPY_PHASE_STRIP = NO;
				DEBUG_INFORMATION_FORMAT = "dwarf-with-dsym";
				ENABLE_NS_ASSERTIONS = NO;
				ENABLE_STRICT_OBJC_MSGSEND = YES;
				GCC_C_LANGUAGE_STANDARD = gnu11;
				GCC_NO_COMMON_BLOCKS = YES;
				GCC_WARN_64_TO_32_BIT_CONVERSION = YES;
				GCC_WARN_ABOUT_RETURN_TYPE = YES_ERROR;
				GCC_WARN_UNDECLARED_SELECTOR = YES;
				GCC_WARN_UNINITIALIZED_AUTOS = YES_AGGRESSIVE;
				GCC_WARN_UNUSED_FUNCTION = YES;
				GCC_WARN_UNUSED_VARIABLE = YES;
				IPHONEOS_DEPLOYMENT_TARGET = 16.2;
				MTL_ENABLE_DEBUG_INFO = NO;
				MTL_FAST_MATH = YES;
				SDKROOT = iphoneos;
				SWIFT_COMPILATION_MODE = wholemodule;
				SWIFT_OPTIMIZATION_LEVEL = "-O";
				VALIDATE_PRODUCT = YES;
			};
			name = Release;
		};
		804CB50E2962E58800343D6A /* Debug */ = {
			isa = XCBuildConfiguration;
			buildSettings = {
				ASSETCATALOG_COMPILER_APPICON_NAME = AppIcon;
				ASSETCATALOG_COMPILER_GLOBAL_ACCENT_COLOR_NAME = AccentColor;
				CODE_SIGN_STYLE = Automatic;
				CURRENT_PROJECT_VERSION = 1;
				GENERATE_INFOPLIST_FILE = YES;
				INFOPLIST_FILE = RickAndMorty/Info.plist;
				INFOPLIST_KEY_UIApplicationSupportsIndirectInputEvents = YES;
				INFOPLIST_KEY_UILaunchStoryboardName = LaunchScreen;
				INFOPLIST_KEY_UISupportedInterfaceOrientations_iPad = "UIInterfaceOrientationPortrait UIInterfaceOrientationPortraitUpsideDown UIInterfaceOrientationLandscapeLeft UIInterfaceOrientationLandscapeRight";
				INFOPLIST_KEY_UISupportedInterfaceOrientations_iPhone = "UIInterfaceOrientationPortrait UIInterfaceOrientationLandscapeLeft UIInterfaceOrientationLandscapeRight";
				LD_RUNPATH_SEARCH_PATHS = (
					"$(inherited)",
					"@executable_path/Frameworks",
				);
				MARKETING_VERSION = 1.0;
				PRODUCT_BUNDLE_IDENTIFIER = shanxiafeng.RickAndMorty;
				PRODUCT_NAME = "$(TARGET_NAME)";
				SWIFT_EMIT_LOC_STRINGS = YES;
				SWIFT_VERSION = 5.0;
				TARGETED_DEVICE_FAMILY = "1,2";
			};
			name = Debug;
		};
		804CB50F2962E58800343D6A /* Release */ = {
			isa = XCBuildConfiguration;
			buildSettings = {
				ASSETCATALOG_COMPILER_APPICON_NAME = AppIcon;
				ASSETCATALOG_COMPILER_GLOBAL_ACCENT_COLOR_NAME = AccentColor;
				CODE_SIGN_STYLE = Automatic;
				CURRENT_PROJECT_VERSION = 1;
				GENERATE_INFOPLIST_FILE = YES;
				INFOPLIST_FILE = RickAndMorty/Info.plist;
				INFOPLIST_KEY_UIApplicationSupportsIndirectInputEvents = YES;
				INFOPLIST_KEY_UILaunchStoryboardName = LaunchScreen;
				INFOPLIST_KEY_UISupportedInterfaceOrientations_iPad = "UIInterfaceOrientationPortrait UIInterfaceOrientationPortraitUpsideDown UIInterfaceOrientationLandscapeLeft UIInterfaceOrientationLandscapeRight";
				INFOPLIST_KEY_UISupportedInterfaceOrientations_iPhone = "UIInterfaceOrientationPortrait UIInterfaceOrientationLandscapeLeft UIInterfaceOrientationLandscapeRight";
				LD_RUNPATH_SEARCH_PATHS = (
					"$(inherited)",
					"@executable_path/Frameworks",
				);
				MARKETING_VERSION = 1.0;
				PRODUCT_BUNDLE_IDENTIFIER = shanxiafeng.RickAndMorty;
				PRODUCT_NAME = "$(TARGET_NAME)";
				SWIFT_EMIT_LOC_STRINGS = YES;
				SWIFT_VERSION = 5.0;
				TARGETED_DEVICE_FAMILY = "1,2";
			};
			name = Release;
		};
/* End XCBuildConfiguration section */

/* Begin XCConfigurationList section */
		804CB4F42962E58700343D6A /* Build configuration list for PBXProject "RickAndMorty" */ = {
			isa = XCConfigurationList;
			buildConfigurations = (
				804CB50B2962E58800343D6A /* Debug */,
				804CB50C2962E58800343D6A /* Release */,
			);
			defaultConfigurationIsVisible = 0;
			defaultConfigurationName = Release;
		};
		804CB50D2962E58800343D6A /* Build configuration list for PBXNativeTarget "RickAndMorty" */ = {
			isa = XCConfigurationList;
			buildConfigurations = (
				804CB50E2962E58800343D6A /* Debug */,
				804CB50F2962E58800343D6A /* Release */,
			);
			defaultConfigurationIsVisible = 0;
			defaultConfigurationName = Release;
		};
/* End XCConfigurationList section */
	};
	rootObject = 804CB4F12962E58700343D6A /* Project object */;
}
